// !$*UTF8*$!
{
	archiveVersion = 1;
	classes = {
	};
	objectVersion = 55;
	objects = {

/* Begin PBXBuildFile section */
		2913D28927B2D8C600F6D044 /* GoogleBooksApp.swift in Sources */ = {isa = PBXBuildFile; fileRef = 2913D28827B2D8C600F6D044 /* GoogleBooksApp.swift */; };
		2913D28B27B2D8C600F6D044 /* BookResultView.swift in Sources */ = {isa = PBXBuildFile; fileRef = 2913D28A27B2D8C600F6D044 /* BookResultView.swift */; };
		2913D28D27B2D8C900F6D044 /* Assets.xcassets in Resources */ = {isa = PBXBuildFile; fileRef = 2913D28C27B2D8C900F6D044 /* Assets.xcassets */; };
		2913D29027B2D8C900F6D044 /* Preview Assets.xcassets in Resources */ = {isa = PBXBuildFile; fileRef = 2913D28F27B2D8C900F6D044 /* Preview Assets.xcassets */; };
		2913D29B27B2D8C900F6D044 /* GoogleBooksTests.swift in Sources */ = {isa = PBXBuildFile; fileRef = 2913D29A27B2D8C900F6D044 /* GoogleBooksTests.swift */; };
		2913D2A527B2D8C900F6D044 /* GoogleBooksUITests.swift in Sources */ = {isa = PBXBuildFile; fileRef = 2913D2A427B2D8C900F6D044 /* GoogleBooksUITests.swift */; };
		2913D2A727B2D8C900F6D044 /* GoogleBooksUITestsLaunchTests.swift in Sources */ = {isa = PBXBuildFile; fileRef = 2913D2A627B2D8C900F6D044 /* GoogleBooksUITestsLaunchTests.swift */; };
		2913D2B427B2E17A00F6D044 /* BookResults.swift in Sources */ = {isa = PBXBuildFile; fileRef = 2913D2B327B2E17A00F6D044 /* BookResults.swift */; };
		29BD8D3427B2E4A100234EE3 /* Network.swift in Sources */ = {isa = PBXBuildFile; fileRef = 29BD8D3327B2E4A100234EE3 /* Network.swift */; };
		29BD8D3627B2E4B900234EE3 /* GoogleApi.swift in Sources */ = {isa = PBXBuildFile; fileRef = 29BD8D3527B2E4B900234EE3 /* GoogleApi.swift */; };
		29BD8D3A27B2F9A100234EE3 /* SDWebImageSwiftUI in Frameworks */ = {isa = PBXBuildFile; productRef = 29BD8D3927B2F9A100234EE3 /* SDWebImageSwiftUI */; };
		29BD8D4627B32D7800234EE3 /* GoogleBooksIOSApp.swift in Sources */ = {isa = PBXBuildFile; fileRef = 29BD8D4527B32D7800234EE3 /* GoogleBooksIOSApp.swift */; };
		29BD8D4827B32D7800234EE3 /* ContentView.swift in Sources */ = {isa = PBXBuildFile; fileRef = 29BD8D4727B32D7800234EE3 /* ContentView.swift */; };
		29BD8D4A27B32D7900234EE3 /* Assets.xcassets in Resources */ = {isa = PBXBuildFile; fileRef = 29BD8D4927B32D7900234EE3 /* Assets.xcassets */; };
		29BD8D4D27B32D7900234EE3 /* Preview Assets.xcassets in Resources */ = {isa = PBXBuildFile; fileRef = 29BD8D4C27B32D7900234EE3 /* Preview Assets.xcassets */; };
		29BD8D5727B32D7900234EE3 /* GoogleBooksIOSTests.swift in Sources */ = {isa = PBXBuildFile; fileRef = 29BD8D5627B32D7900234EE3 /* GoogleBooksIOSTests.swift */; };
		29BD8D6127B32D7900234EE3 /* GoogleBooksIOSUITests.swift in Sources */ = {isa = PBXBuildFile; fileRef = 29BD8D6027B32D7900234EE3 /* GoogleBooksIOSUITests.swift */; };
		29BD8D6327B32D7900234EE3 /* GoogleBooksIOSUITestsLaunchTests.swift in Sources */ = {isa = PBXBuildFile; fileRef = 29BD8D6227B32D7900234EE3 /* GoogleBooksIOSUITestsLaunchTests.swift */; };
		29BD8D6E27B32E2900234EE3 /* BookResultView.swift in Sources */ = {isa = PBXBuildFile; fileRef = 2913D28A27B2D8C600F6D044 /* BookResultView.swift */; };
		29BD8D6F27B32E2C00234EE3 /* Network.swift in Sources */ = {isa = PBXBuildFile; fileRef = 29BD8D3327B2E4A100234EE3 /* Network.swift */; };
		29BD8D7027B32E3100234EE3 /* GoogleApi.swift in Sources */ = {isa = PBXBuildFile; fileRef = 29BD8D3527B2E4B900234EE3 /* GoogleApi.swift */; };
		29BD8D7127B32E3500234EE3 /* BookResults.swift in Sources */ = {isa = PBXBuildFile; fileRef = 2913D2B327B2E17A00F6D044 /* BookResults.swift */; };
		29BD8D7427B3306F00234EE3 /* SDWebImageSwiftUI in Frameworks */ = {isa = PBXBuildFile; productRef = 29BD8D7327B3306F00234EE3 /* SDWebImageSwiftUI */; };
		29BD8D7B27B40ED700234EE3 /* PDFViewUI.swift in Sources */ = {isa = PBXBuildFile; fileRef = 29BD8D7A27B40ED700234EE3 /* PDFViewUI.swift */; };
		29BD8D8127B4394100234EE3 /* iOSPDFViewUI.swift in Sources */ = {isa = PBXBuildFile; fileRef = 29BD8D8027B4394100234EE3 /* iOSPDFViewUI.swift */; };
		29BD8D8927B45B0200234EE3 /* DownloadFile.swift in Sources */ = {isa = PBXBuildFile; fileRef = 29BD8D8827B45B0200234EE3 /* DownloadFile.swift */; };
		29BD8D8A27B46C9C00234EE3 /* DownloadFile.swift in Sources */ = {isa = PBXBuildFile; fileRef = 29BD8D8827B45B0200234EE3 /* DownloadFile.swift */; };
		29BD8D8C27B477F800234EE3 /* PDFViewer.swift in Sources */ = {isa = PBXBuildFile; fileRef = 29BD8D8B27B477F800234EE3 /* PDFViewer.swift */; };
		29BD8D8D27B5607C00234EE3 /* PDFViewer.swift in Sources */ = {isa = PBXBuildFile; fileRef = 29BD8D8B27B477F800234EE3 /* PDFViewer.swift */; };
/* End PBXBuildFile section */

/* Begin PBXContainerItemProxy section */
		2913D29727B2D8C900F6D044 /* PBXContainerItemProxy */ = {
			isa = PBXContainerItemProxy;
			containerPortal = 2913D27D27B2D8C600F6D044 /* Project object */;
			proxyType = 1;
			remoteGlobalIDString = 2913D28427B2D8C600F6D044;
			remoteInfo = GoogleBooks;
		};
		2913D2A127B2D8C900F6D044 /* PBXContainerItemProxy */ = {
			isa = PBXContainerItemProxy;
			containerPortal = 2913D27D27B2D8C600F6D044 /* Project object */;
			proxyType = 1;
			remoteGlobalIDString = 2913D28427B2D8C600F6D044;
			remoteInfo = GoogleBooks;
		};
		29BD8D5327B32D7900234EE3 /* PBXContainerItemProxy */ = {
			isa = PBXContainerItemProxy;
			containerPortal = 2913D27D27B2D8C600F6D044 /* Project object */;
			proxyType = 1;
			remoteGlobalIDString = 29BD8D4227B32D7800234EE3;
			remoteInfo = GoogleBooksIOS;
		};
		29BD8D5D27B32D7900234EE3 /* PBXContainerItemProxy */ = {
			isa = PBXContainerItemProxy;
			containerPortal = 2913D27D27B2D8C600F6D044 /* Project object */;
			proxyType = 1;
			remoteGlobalIDString = 29BD8D4227B32D7800234EE3;
			remoteInfo = GoogleBooksIOS;
		};
/* End PBXContainerItemProxy section */

/* Begin PBXFileReference section */
		2913D28527B2D8C600F6D044 /* GoogleBooks.app */ = {isa = PBXFileReference; explicitFileType = wrapper.application; includeInIndex = 0; path = GoogleBooks.app; sourceTree = BUILT_PRODUCTS_DIR; };
		2913D28827B2D8C600F6D044 /* GoogleBooksApp.swift */ = {isa = PBXFileReference; lastKnownFileType = sourcecode.swift; path = GoogleBooksApp.swift; sourceTree = "<group>"; };
		2913D28A27B2D8C600F6D044 /* BookResultView.swift */ = {isa = PBXFileReference; lastKnownFileType = sourcecode.swift; path = BookResultView.swift; sourceTree = "<group>"; };
		2913D28C27B2D8C900F6D044 /* Assets.xcassets */ = {isa = PBXFileReference; lastKnownFileType = folder.assetcatalog; path = Assets.xcassets; sourceTree = "<group>"; };
		2913D28F27B2D8C900F6D044 /* Preview Assets.xcassets */ = {isa = PBXFileReference; lastKnownFileType = folder.assetcatalog; path = "Preview Assets.xcassets"; sourceTree = "<group>"; };
		2913D29127B2D8C900F6D044 /* GoogleBooks.entitlements */ = {isa = PBXFileReference; lastKnownFileType = text.plist.entitlements; path = GoogleBooks.entitlements; sourceTree = "<group>"; };
		2913D29627B2D8C900F6D044 /* GoogleBooksTests.xctest */ = {isa = PBXFileReference; explicitFileType = wrapper.cfbundle; includeInIndex = 0; path = GoogleBooksTests.xctest; sourceTree = BUILT_PRODUCTS_DIR; };
		2913D29A27B2D8C900F6D044 /* GoogleBooksTests.swift */ = {isa = PBXFileReference; lastKnownFileType = sourcecode.swift; path = GoogleBooksTests.swift; sourceTree = "<group>"; };
		2913D2A027B2D8C900F6D044 /* GoogleBooksUITests.xctest */ = {isa = PBXFileReference; explicitFileType = wrapper.cfbundle; includeInIndex = 0; path = GoogleBooksUITests.xctest; sourceTree = BUILT_PRODUCTS_DIR; };
		2913D2A427B2D8C900F6D044 /* GoogleBooksUITests.swift */ = {isa = PBXFileReference; lastKnownFileType = sourcecode.swift; path = GoogleBooksUITests.swift; sourceTree = "<group>"; };
		2913D2A627B2D8C900F6D044 /* GoogleBooksUITestsLaunchTests.swift */ = {isa = PBXFileReference; lastKnownFileType = sourcecode.swift; path = GoogleBooksUITestsLaunchTests.swift; sourceTree = "<group>"; };
		2913D2B327B2E17A00F6D044 /* BookResults.swift */ = {isa = PBXFileReference; lastKnownFileType = sourcecode.swift; path = BookResults.swift; sourceTree = "<group>"; };
		29BD8D3327B2E4A100234EE3 /* Network.swift */ = {isa = PBXFileReference; lastKnownFileType = sourcecode.swift; path = Network.swift; sourceTree = "<group>"; };
		29BD8D3527B2E4B900234EE3 /* GoogleApi.swift */ = {isa = PBXFileReference; lastKnownFileType = sourcecode.swift; path = GoogleApi.swift; sourceTree = "<group>"; };
		29BD8D4327B32D7800234EE3 /* GoogleBooksIOS.app */ = {isa = PBXFileReference; explicitFileType = wrapper.application; includeInIndex = 0; path = GoogleBooksIOS.app; sourceTree = BUILT_PRODUCTS_DIR; };
		29BD8D4527B32D7800234EE3 /* GoogleBooksIOSApp.swift */ = {isa = PBXFileReference; lastKnownFileType = sourcecode.swift; path = GoogleBooksIOSApp.swift; sourceTree = "<group>"; };
		29BD8D4727B32D7800234EE3 /* ContentView.swift */ = {isa = PBXFileReference; lastKnownFileType = sourcecode.swift; path = ContentView.swift; sourceTree = "<group>"; };
		29BD8D4927B32D7900234EE3 /* Assets.xcassets */ = {isa = PBXFileReference; lastKnownFileType = folder.assetcatalog; path = Assets.xcassets; sourceTree = "<group>"; };
		29BD8D4C27B32D7900234EE3 /* Preview Assets.xcassets */ = {isa = PBXFileReference; lastKnownFileType = folder.assetcatalog; path = "Preview Assets.xcassets"; sourceTree = "<group>"; };
		29BD8D5227B32D7900234EE3 /* GoogleBooksIOSTests.xctest */ = {isa = PBXFileReference; explicitFileType = wrapper.cfbundle; includeInIndex = 0; path = GoogleBooksIOSTests.xctest; sourceTree = BUILT_PRODUCTS_DIR; };
		29BD8D5627B32D7900234EE3 /* GoogleBooksIOSTests.swift */ = {isa = PBXFileReference; lastKnownFileType = sourcecode.swift; path = GoogleBooksIOSTests.swift; sourceTree = "<group>"; };
		29BD8D5C27B32D7900234EE3 /* GoogleBooksIOSUITests.xctest */ = {isa = PBXFileReference; explicitFileType = wrapper.cfbundle; includeInIndex = 0; path = GoogleBooksIOSUITests.xctest; sourceTree = BUILT_PRODUCTS_DIR; };
		29BD8D6027B32D7900234EE3 /* GoogleBooksIOSUITests.swift */ = {isa = PBXFileReference; lastKnownFileType = sourcecode.swift; path = GoogleBooksIOSUITests.swift; sourceTree = "<group>"; };
		29BD8D6227B32D7900234EE3 /* GoogleBooksIOSUITestsLaunchTests.swift */ = {isa = PBXFileReference; lastKnownFileType = sourcecode.swift; path = GoogleBooksIOSUITestsLaunchTests.swift; sourceTree = "<group>"; };
		29BD8D7A27B40ED700234EE3 /* PDFViewUI.swift */ = {isa = PBXFileReference; lastKnownFileType = sourcecode.swift; path = PDFViewUI.swift; sourceTree = "<group>"; };
		29BD8D7F27B41B3C00234EE3 /* Info.plist */ = {isa = PBXFileReference; lastKnownFileType = text.plist; path = Info.plist; sourceTree = "<group>"; };
		29BD8D8027B4394100234EE3 /* iOSPDFViewUI.swift */ = {isa = PBXFileReference; lastKnownFileType = sourcecode.swift; path = iOSPDFViewUI.swift; sourceTree = "<group>"; };
		29BD8D8227B439F200234EE3 /* Info.plist */ = {isa = PBXFileReference; lastKnownFileType = text.plist; path = Info.plist; sourceTree = "<group>"; };
		29BD8D8827B45B0200234EE3 /* DownloadFile.swift */ = {isa = PBXFileReference; lastKnownFileType = sourcecode.swift; path = DownloadFile.swift; sourceTree = "<group>"; };
		29BD8D8B27B477F800234EE3 /* PDFViewer.swift */ = {isa = PBXFileReference; lastKnownFileType = sourcecode.swift; path = PDFViewer.swift; sourceTree = "<group>"; };
/* End PBXFileReference section */

/* Begin PBXFrameworksBuildPhase section */
		2913D28227B2D8C600F6D044 /* Frameworks */ = {
			isa = PBXFrameworksBuildPhase;
			buildActionMask = 2147483647;
			files = (
				29BD8D3A27B2F9A100234EE3 /* SDWebImageSwiftUI in Frameworks */,
			);
			runOnlyForDeploymentPostprocessing = 0;
		};
		2913D29327B2D8C900F6D044 /* Frameworks */ = {
			isa = PBXFrameworksBuildPhase;
			buildActionMask = 2147483647;
			files = (
			);
			runOnlyForDeploymentPostprocessing = 0;
		};
		2913D29D27B2D8C900F6D044 /* Frameworks */ = {
			isa = PBXFrameworksBuildPhase;
			buildActionMask = 2147483647;
			files = (
			);
			runOnlyForDeploymentPostprocessing = 0;
		};
		29BD8D4027B32D7800234EE3 /* Frameworks */ = {
			isa = PBXFrameworksBuildPhase;
			buildActionMask = 2147483647;
			files = (
				29BD8D7427B3306F00234EE3 /* SDWebImageSwiftUI in Frameworks */,
			);
			runOnlyForDeploymentPostprocessing = 0;
		};
		29BD8D4F27B32D7900234EE3 /* Frameworks */ = {
			isa = PBXFrameworksBuildPhase;
			buildActionMask = 2147483647;
			files = (
			);
			runOnlyForDeploymentPostprocessing = 0;
		};
		29BD8D5927B32D7900234EE3 /* Frameworks */ = {
			isa = PBXFrameworksBuildPhase;
			buildActionMask = 2147483647;
			files = (
			);
			runOnlyForDeploymentPostprocessing = 0;
		};
/* End PBXFrameworksBuildPhase section */

/* Begin PBXGroup section */
		2913D27C27B2D8C600F6D044 = {
			isa = PBXGroup;
			children = (
				2913D28727B2D8C600F6D044 /* GoogleBooks */,
				2913D29927B2D8C900F6D044 /* GoogleBooksTests */,
				2913D2A327B2D8C900F6D044 /* GoogleBooksUITests */,
				29BD8D4427B32D7800234EE3 /* GoogleBooksIOS */,
				29BD8D5527B32D7900234EE3 /* GoogleBooksIOSTests */,
				29BD8D5F27B32D7900234EE3 /* GoogleBooksIOSUITests */,
				2913D28627B2D8C600F6D044 /* Products */,
				29BD8D7227B3306F00234EE3 /* Frameworks */,
			);
			sourceTree = "<group>";
		};
		2913D28627B2D8C600F6D044 /* Products */ = {
			isa = PBXGroup;
			children = (
				2913D28527B2D8C600F6D044 /* GoogleBooks.app */,
				2913D29627B2D8C900F6D044 /* GoogleBooksTests.xctest */,
				2913D2A027B2D8C900F6D044 /* GoogleBooksUITests.xctest */,
				29BD8D4327B32D7800234EE3 /* GoogleBooksIOS.app */,
				29BD8D5227B32D7900234EE3 /* GoogleBooksIOSTests.xctest */,
				29BD8D5C27B32D7900234EE3 /* GoogleBooksIOSUITests.xctest */,
			);
			name = Products;
			sourceTree = "<group>";
		};
		2913D28727B2D8C600F6D044 /* GoogleBooks */ = {
			isa = PBXGroup;
			children = (
				29BD8D7F27B41B3C00234EE3 /* Info.plist */,
				2913D28827B2D8C600F6D044 /* GoogleBooksApp.swift */,
				29BD8D8727B45AF000234EE3 /* Models */,
				29BD8D8627B45ADF00234EE3 /* Networking */,
				29BD8D8527B45AC700234EE3 /* AppKit Interaction Views */,
				29BD8D8327B45AA400234EE3 /* Views */,
				2913D28C27B2D8C900F6D044 /* Assets.xcassets */,
				2913D29127B2D8C900F6D044 /* GoogleBooks.entitlements */,
				2913D28E27B2D8C900F6D044 /* Preview Content */,
			);
			path = GoogleBooks;
			sourceTree = "<group>";
		};
		2913D28E27B2D8C900F6D044 /* Preview Content */ = {
			isa = PBXGroup;
			children = (
				2913D28F27B2D8C900F6D044 /* Preview Assets.xcassets */,
			);
			path = "Preview Content";
			sourceTree = "<group>";
		};
		2913D29927B2D8C900F6D044 /* GoogleBooksTests */ = {
			isa = PBXGroup;
			children = (
				2913D29A27B2D8C900F6D044 /* GoogleBooksTests.swift */,
			);
			path = GoogleBooksTests;
			sourceTree = "<group>";
		};
		2913D2A327B2D8C900F6D044 /* GoogleBooksUITests */ = {
			isa = PBXGroup;
			children = (
				2913D2A427B2D8C900F6D044 /* GoogleBooksUITests.swift */,
				2913D2A627B2D8C900F6D044 /* GoogleBooksUITestsLaunchTests.swift */,
			);
			path = GoogleBooksUITests;
			sourceTree = "<group>";
		};
		29BD8D4427B32D7800234EE3 /* GoogleBooksIOS */ = {
			isa = PBXGroup;
			children = (
				29BD8D8227B439F200234EE3 /* Info.plist */,
				29BD8D4527B32D7800234EE3 /* GoogleBooksIOSApp.swift */,
				29BD8D4727B32D7800234EE3 /* ContentView.swift */,
				29BD8D4927B32D7900234EE3 /* Assets.xcassets */,
				29BD8D4B27B32D7900234EE3 /* Preview Content */,
			);
			path = GoogleBooksIOS;
			sourceTree = "<group>";
		};
		29BD8D4B27B32D7900234EE3 /* Preview Content */ = {
			isa = PBXGroup;
			children = (
				29BD8D4C27B32D7900234EE3 /* Preview Assets.xcassets */,
			);
			path = "Preview Content";
			sourceTree = "<group>";
		};
		29BD8D5527B32D7900234EE3 /* GoogleBooksIOSTests */ = {
			isa = PBXGroup;
			children = (
				29BD8D5627B32D7900234EE3 /* GoogleBooksIOSTests.swift */,
			);
			path = GoogleBooksIOSTests;
			sourceTree = "<group>";
		};
		29BD8D5F27B32D7900234EE3 /* GoogleBooksIOSUITests */ = {
			isa = PBXGroup;
			children = (
				29BD8D6027B32D7900234EE3 /* GoogleBooksIOSUITests.swift */,
				29BD8D6227B32D7900234EE3 /* GoogleBooksIOSUITestsLaunchTests.swift */,
			);
			path = GoogleBooksIOSUITests;
			sourceTree = "<group>";
		};
		29BD8D7227B3306F00234EE3 /* Frameworks */ = {
			isa = PBXGroup;
			children = (
			);
			name = Frameworks;
			sourceTree = "<group>";
		};
		29BD8D8327B45AA400234EE3 /* Views */ = {
			isa = PBXGroup;
			children = (
				2913D28A27B2D8C600F6D044 /* BookResultView.swift */,
				29BD8D8B27B477F800234EE3 /* PDFViewer.swift */,
			);
			path = Views;
			sourceTree = "<group>";
		};
		29BD8D8527B45AC700234EE3 /* AppKit Interaction Views */ = {
			isa = PBXGroup;
			children = (
				29BD8D7A27B40ED700234EE3 /* PDFViewUI.swift */,
				29BD8D8027B4394100234EE3 /* iOSPDFViewUI.swift */,
			);
			path = "AppKit Interaction Views";
			sourceTree = "<group>";
		};
		29BD8D8627B45ADF00234EE3 /* Networking */ = {
			isa = PBXGroup;
			children = (
				29BD8D3327B2E4A100234EE3 /* Network.swift */,
				29BD8D3527B2E4B900234EE3 /* GoogleApi.swift */,
			);
			path = Networking;
			sourceTree = "<group>";
		};
		29BD8D8727B45AF000234EE3 /* Models */ = {
			isa = PBXGroup;
			children = (
				2913D2B327B2E17A00F6D044 /* BookResults.swift */,
				29BD8D8827B45B0200234EE3 /* DownloadFile.swift */,
			);
			path = Models;
			sourceTree = "<group>";
		};
/* End PBXGroup section */

/* Begin PBXNativeTarget section */
		2913D28427B2D8C600F6D044 /* GoogleBooks */ = {
			isa = PBXNativeTarget;
			buildConfigurationList = 2913D2AA27B2D8C900F6D044 /* Build configuration list for PBXNativeTarget "GoogleBooks" */;
			buildPhases = (
				2913D28127B2D8C600F6D044 /* Sources */,
				2913D28227B2D8C600F6D044 /* Frameworks */,
				2913D28327B2D8C600F6D044 /* Resources */,
			);
			buildRules = (
			);
			dependencies = (
			);
			name = GoogleBooks;
			packageProductDependencies = (
				29BD8D3927B2F9A100234EE3 /* SDWebImageSwiftUI */,
			);
			productName = GoogleBooks;
			productReference = 2913D28527B2D8C600F6D044 /* GoogleBooks.app */;
			productType = "com.apple.product-type.application";
		};
		2913D29527B2D8C900F6D044 /* GoogleBooksTests */ = {
			isa = PBXNativeTarget;
			buildConfigurationList = 2913D2AD27B2D8C900F6D044 /* Build configuration list for PBXNativeTarget "GoogleBooksTests" */;
			buildPhases = (
				2913D29227B2D8C900F6D044 /* Sources */,
				2913D29327B2D8C900F6D044 /* Frameworks */,
				2913D29427B2D8C900F6D044 /* Resources */,
			);
			buildRules = (
			);
			dependencies = (
				2913D29827B2D8C900F6D044 /* PBXTargetDependency */,
			);
			name = GoogleBooksTests;
			productName = GoogleBooksTests;
			productReference = 2913D29627B2D8C900F6D044 /* GoogleBooksTests.xctest */;
			productType = "com.apple.product-type.bundle.unit-test";
		};
		2913D29F27B2D8C900F6D044 /* GoogleBooksUITests */ = {
			isa = PBXNativeTarget;
			buildConfigurationList = 2913D2B027B2D8C900F6D044 /* Build configuration list for PBXNativeTarget "GoogleBooksUITests" */;
			buildPhases = (
				2913D29C27B2D8C900F6D044 /* Sources */,
				2913D29D27B2D8C900F6D044 /* Frameworks */,
				2913D29E27B2D8C900F6D044 /* Resources */,
			);
			buildRules = (
			);
			dependencies = (
				2913D2A227B2D8C900F6D044 /* PBXTargetDependency */,
			);
			name = GoogleBooksUITests;
			productName = GoogleBooksUITests;
			productReference = 2913D2A027B2D8C900F6D044 /* GoogleBooksUITests.xctest */;
			productType = "com.apple.product-type.bundle.ui-testing";
		};
		29BD8D4227B32D7800234EE3 /* GoogleBooksIOS */ = {
			isa = PBXNativeTarget;
			buildConfigurationList = 29BD8D6427B32D7900234EE3 /* Build configuration list for PBXNativeTarget "GoogleBooksIOS" */;
			buildPhases = (
				29BD8D3F27B32D7800234EE3 /* Sources */,
				29BD8D4027B32D7800234EE3 /* Frameworks */,
				29BD8D4127B32D7800234EE3 /* Resources */,
			);
			buildRules = (
			);
			dependencies = (
			);
			name = GoogleBooksIOS;
			packageProductDependencies = (
				29BD8D7327B3306F00234EE3 /* SDWebImageSwiftUI */,
			);
			productName = GoogleBooksIOS;
			productReference = 29BD8D4327B32D7800234EE3 /* GoogleBooksIOS.app */;
			productType = "com.apple.product-type.application";
		};
		29BD8D5127B32D7900234EE3 /* GoogleBooksIOSTests */ = {
			isa = PBXNativeTarget;
			buildConfigurationList = 29BD8D6727B32D7900234EE3 /* Build configuration list for PBXNativeTarget "GoogleBooksIOSTests" */;
			buildPhases = (
				29BD8D4E27B32D7900234EE3 /* Sources */,
				29BD8D4F27B32D7900234EE3 /* Frameworks */,
				29BD8D5027B32D7900234EE3 /* Resources */,
			);
			buildRules = (
			);
			dependencies = (
				29BD8D5427B32D7900234EE3 /* PBXTargetDependency */,
			);
			name = GoogleBooksIOSTests;
			productName = GoogleBooksIOSTests;
			productReference = 29BD8D5227B32D7900234EE3 /* GoogleBooksIOSTests.xctest */;
			productType = "com.apple.product-type.bundle.unit-test";
		};
		29BD8D5B27B32D7900234EE3 /* GoogleBooksIOSUITests */ = {
			isa = PBXNativeTarget;
			buildConfigurationList = 29BD8D6A27B32D7900234EE3 /* Build configuration list for PBXNativeTarget "GoogleBooksIOSUITests" */;
			buildPhases = (
				29BD8D5827B32D7900234EE3 /* Sources */,
				29BD8D5927B32D7900234EE3 /* Frameworks */,
				29BD8D5A27B32D7900234EE3 /* Resources */,
			);
			buildRules = (
			);
			dependencies = (
				29BD8D5E27B32D7900234EE3 /* PBXTargetDependency */,
			);
			name = GoogleBooksIOSUITests;
			productName = GoogleBooksIOSUITests;
			productReference = 29BD8D5C27B32D7900234EE3 /* GoogleBooksIOSUITests.xctest */;
			productType = "com.apple.product-type.bundle.ui-testing";
		};
/* End PBXNativeTarget section */

/* Begin PBXProject section */
		2913D27D27B2D8C600F6D044 /* Project object */ = {
			isa = PBXProject;
			attributes = {
				BuildIndependentTargetsInParallel = 1;
				LastSwiftUpdateCheck = 1320;
				LastUpgradeCheck = 1320;
				TargetAttributes = {
					2913D28427B2D8C600F6D044 = {
						CreatedOnToolsVersion = 13.2.1;
					};
					2913D29527B2D8C900F6D044 = {
						CreatedOnToolsVersion = 13.2.1;
						TestTargetID = 2913D28427B2D8C600F6D044;
					};
					2913D29F27B2D8C900F6D044 = {
						CreatedOnToolsVersion = 13.2.1;
						TestTargetID = 2913D28427B2D8C600F6D044;
					};
					29BD8D4227B32D7800234EE3 = {
						CreatedOnToolsVersion = 13.2.1;
					};
					29BD8D5127B32D7900234EE3 = {
						CreatedOnToolsVersion = 13.2.1;
						TestTargetID = 29BD8D4227B32D7800234EE3;
					};
					29BD8D5B27B32D7900234EE3 = {
						CreatedOnToolsVersion = 13.2.1;
						TestTargetID = 29BD8D4227B32D7800234EE3;
					};
				};
			};
			buildConfigurationList = 2913D28027B2D8C600F6D044 /* Build configuration list for PBXProject "GoogleBooks" */;
			compatibilityVersion = "Xcode 13.0";
			developmentRegion = en;
			hasScannedForEncodings = 0;
			knownRegions = (
				en,
				Base,
			);
			mainGroup = 2913D27C27B2D8C600F6D044;
			packageReferences = (
				29BD8D3827B2F9A100234EE3 /* XCRemoteSwiftPackageReference "SDWebImageSwiftUI" */,
			);
			productRefGroup = 2913D28627B2D8C600F6D044 /* Products */;
			projectDirPath = "";
			projectRoot = "";
			targets = (
				2913D28427B2D8C600F6D044 /* GoogleBooks */,
				2913D29527B2D8C900F6D044 /* GoogleBooksTests */,
				2913D29F27B2D8C900F6D044 /* GoogleBooksUITests */,
				29BD8D4227B32D7800234EE3 /* GoogleBooksIOS */,
				29BD8D5127B32D7900234EE3 /* GoogleBooksIOSTests */,
				29BD8D5B27B32D7900234EE3 /* GoogleBooksIOSUITests */,
			);
		};
/* End PBXProject section */

/* Begin PBXResourcesBuildPhase section */
		2913D28327B2D8C600F6D044 /* Resources */ = {
			isa = PBXResourcesBuildPhase;
			buildActionMask = 2147483647;
			files = (
				2913D29027B2D8C900F6D044 /* Preview Assets.xcassets in Resources */,
				2913D28D27B2D8C900F6D044 /* Assets.xcassets in Resources */,
			);
			runOnlyForDeploymentPostprocessing = 0;
		};
		2913D29427B2D8C900F6D044 /* Resources */ = {
			isa = PBXResourcesBuildPhase;
			buildActionMask = 2147483647;
			files = (
			);
			runOnlyForDeploymentPostprocessing = 0;
		};
		2913D29E27B2D8C900F6D044 /* Resources */ = {
			isa = PBXResourcesBuildPhase;
			buildActionMask = 2147483647;
			files = (
			);
			runOnlyForDeploymentPostprocessing = 0;
		};
		29BD8D4127B32D7800234EE3 /* Resources */ = {
			isa = PBXResourcesBuildPhase;
			buildActionMask = 2147483647;
			files = (
				29BD8D4D27B32D7900234EE3 /* Preview Assets.xcassets in Resources */,
				29BD8D4A27B32D7900234EE3 /* Assets.xcassets in Resources */,
			);
			runOnlyForDeploymentPostprocessing = 0;
		};
		29BD8D5027B32D7900234EE3 /* Resources */ = {
			isa = PBXResourcesBuildPhase;
			buildActionMask = 2147483647;
			files = (
			);
			runOnlyForDeploymentPostprocessing = 0;
		};
		29BD8D5A27B32D7900234EE3 /* Resources */ = {
			isa = PBXResourcesBuildPhase;
			buildActionMask = 2147483647;
			files = (
			);
			runOnlyForDeploymentPostprocessing = 0;
		};
/* End PBXResourcesBuildPhase section */

/* Begin PBXSourcesBuildPhase section */
		2913D28127B2D8C600F6D044 /* Sources */ = {
			isa = PBXSourcesBuildPhase;
			buildActionMask = 2147483647;
			files = (
				2913D28B27B2D8C600F6D044 /* BookResultView.swift in Sources */,
				29BD8D7B27B40ED700234EE3 /* PDFViewUI.swift in Sources */,
				2913D28927B2D8C600F6D044 /* GoogleBooksApp.swift in Sources */,
				29BD8D3427B2E4A100234EE3 /* Network.swift in Sources */,
				29BD8D8927B45B0200234EE3 /* DownloadFile.swift in Sources */,
				29BD8D3627B2E4B900234EE3 /* GoogleApi.swift in Sources */,
				29BD8D8C27B477F800234EE3 /* PDFViewer.swift in Sources */,
				2913D2B427B2E17A00F6D044 /* BookResults.swift in Sources */,
			);
			runOnlyForDeploymentPostprocessing = 0;
		};
		2913D29227B2D8C900F6D044 /* Sources */ = {
			isa = PBXSourcesBuildPhase;
			buildActionMask = 2147483647;
			files = (
				2913D29B27B2D8C900F6D044 /* GoogleBooksTests.swift in Sources */,
			);
			runOnlyForDeploymentPostprocessing = 0;
		};
		2913D29C27B2D8C900F6D044 /* Sources */ = {
			isa = PBXSourcesBuildPhase;
			buildActionMask = 2147483647;
			files = (
				2913D2A727B2D8C900F6D044 /* GoogleBooksUITestsLaunchTests.swift in Sources */,
				2913D2A527B2D8C900F6D044 /* GoogleBooksUITests.swift in Sources */,
			);
			runOnlyForDeploymentPostprocessing = 0;
		};
		29BD8D3F27B32D7800234EE3 /* Sources */ = {
			isa = PBXSourcesBuildPhase;
			buildActionMask = 2147483647;
			files = (
				29BD8D8127B4394100234EE3 /* iOSPDFViewUI.swift in Sources */,
				29BD8D6F27B32E2C00234EE3 /* Network.swift in Sources */,
				29BD8D6E27B32E2900234EE3 /* BookResultView.swift in Sources */,
				29BD8D4827B32D7800234EE3 /* ContentView.swift in Sources */,
				29BD8D4627B32D7800234EE3 /* GoogleBooksIOSApp.swift in Sources */,
				29BD8D7027B32E3100234EE3 /* GoogleApi.swift in Sources */,
				29BD8D7127B32E3500234EE3 /* BookResults.swift in Sources */,
				29BD8D8A27B46C9C00234EE3 /* DownloadFile.swift in Sources */,
				29BD8D8D27B5607C00234EE3 /* PDFViewer.swift in Sources */,
			);
			runOnlyForDeploymentPostprocessing = 0;
		};
		29BD8D4E27B32D7900234EE3 /* Sources */ = {
			isa = PBXSourcesBuildPhase;
			buildActionMask = 2147483647;
			files = (
				29BD8D5727B32D7900234EE3 /* GoogleBooksIOSTests.swift in Sources */,
			);
			runOnlyForDeploymentPostprocessing = 0;
		};
		29BD8D5827B32D7900234EE3 /* Sources */ = {
			isa = PBXSourcesBuildPhase;
			buildActionMask = 2147483647;
			files = (
				29BD8D6327B32D7900234EE3 /* GoogleBooksIOSUITestsLaunchTests.swift in Sources */,
				29BD8D6127B32D7900234EE3 /* GoogleBooksIOSUITests.swift in Sources */,
			);
			runOnlyForDeploymentPostprocessing = 0;
		};
/* End PBXSourcesBuildPhase section */

/* Begin PBXTargetDependency section */
		2913D29827B2D8C900F6D044 /* PBXTargetDependency */ = {
			isa = PBXTargetDependency;
			target = 2913D28427B2D8C600F6D044 /* GoogleBooks */;
			targetProxy = 2913D29727B2D8C900F6D044 /* PBXContainerItemProxy */;
		};
		2913D2A227B2D8C900F6D044 /* PBXTargetDependency */ = {
			isa = PBXTargetDependency;
			target = 2913D28427B2D8C600F6D044 /* GoogleBooks */;
			targetProxy = 2913D2A127B2D8C900F6D044 /* PBXContainerItemProxy */;
		};
		29BD8D5427B32D7900234EE3 /* PBXTargetDependency */ = {
			isa = PBXTargetDependency;
			target = 29BD8D4227B32D7800234EE3 /* GoogleBooksIOS */;
			targetProxy = 29BD8D5327B32D7900234EE3 /* PBXContainerItemProxy */;
		};
		29BD8D5E27B32D7900234EE3 /* PBXTargetDependency */ = {
			isa = PBXTargetDependency;
			target = 29BD8D4227B32D7800234EE3 /* GoogleBooksIOS */;
			targetProxy = 29BD8D5D27B32D7900234EE3 /* PBXContainerItemProxy */;
		};
/* End PBXTargetDependency section */

/* Begin XCBuildConfiguration section */
		2913D2A827B2D8C900F6D044 /* Debug */ = {
			isa = XCBuildConfiguration;
			buildSettings = {
				ALWAYS_SEARCH_USER_PATHS = NO;
				CLANG_ANALYZER_NONNULL = YES;
				CLANG_ANALYZER_NUMBER_OBJECT_CONVERSION = YES_AGGRESSIVE;
				CLANG_CXX_LANGUAGE_STANDARD = "gnu++17";
				CLANG_CXX_LIBRARY = "libc++";
				CLANG_ENABLE_MODULES = YES;
				CLANG_ENABLE_OBJC_ARC = YES;
				CLANG_ENABLE_OBJC_WEAK = YES;
				CLANG_WARN_BLOCK_CAPTURE_AUTORELEASING = YES;
				CLANG_WARN_BOOL_CONVERSION = YES;
				CLANG_WARN_COMMA = YES;
				CLANG_WARN_CONSTANT_CONVERSION = YES;
				CLANG_WARN_DEPRECATED_OBJC_IMPLEMENTATIONS = YES;
				CLANG_WARN_DIRECT_OBJC_ISA_USAGE = YES_ERROR;
				CLANG_WARN_DOCUMENTATION_COMMENTS = YES;
				CLANG_WARN_EMPTY_BODY = YES;
				CLANG_WARN_ENUM_CONVERSION = YES;
				CLANG_WARN_INFINITE_RECURSION = YES;
				CLANG_WARN_INT_CONVERSION = YES;
				CLANG_WARN_NON_LITERAL_NULL_CONVERSION = YES;
				CLANG_WARN_OBJC_IMPLICIT_RETAIN_SELF = YES;
				CLANG_WARN_OBJC_LITERAL_CONVERSION = YES;
				CLANG_WARN_OBJC_ROOT_CLASS = YES_ERROR;
				CLANG_WARN_QUOTED_INCLUDE_IN_FRAMEWORK_HEADER = YES;
				CLANG_WARN_RANGE_LOOP_ANALYSIS = YES;
				CLANG_WARN_STRICT_PROTOTYPES = YES;
				CLANG_WARN_SUSPICIOUS_MOVE = YES;
				CLANG_WARN_UNGUARDED_AVAILABILITY = YES_AGGRESSIVE;
				CLANG_WARN_UNREACHABLE_CODE = YES;
				CLANG_WARN__DUPLICATE_METHOD_MATCH = YES;
				COPY_PHASE_STRIP = NO;
				DEBUG_INFORMATION_FORMAT = dwarf;
				ENABLE_STRICT_OBJC_MSGSEND = YES;
				ENABLE_TESTABILITY = YES;
				GCC_C_LANGUAGE_STANDARD = gnu11;
				GCC_DYNAMIC_NO_PIC = NO;
				GCC_NO_COMMON_BLOCKS = YES;
				GCC_OPTIMIZATION_LEVEL = 0;
				GCC_PREPROCESSOR_DEFINITIONS = (
					"DEBUG=1",
					"$(inherited)",
				);
				GCC_WARN_64_TO_32_BIT_CONVERSION = YES;
				GCC_WARN_ABOUT_RETURN_TYPE = YES_ERROR;
				GCC_WARN_UNDECLARED_SELECTOR = YES;
				GCC_WARN_UNINITIALIZED_AUTOS = YES_AGGRESSIVE;
				GCC_WARN_UNUSED_FUNCTION = YES;
				GCC_WARN_UNUSED_VARIABLE = YES;
				MACOSX_DEPLOYMENT_TARGET = 12.0;
				MTL_ENABLE_DEBUG_INFO = INCLUDE_SOURCE;
				MTL_FAST_MATH = YES;
				ONLY_ACTIVE_ARCH = YES;
				SDKROOT = macosx;
				SWIFT_ACTIVE_COMPILATION_CONDITIONS = DEBUG;
				SWIFT_OPTIMIZATION_LEVEL = "-Onone";
			};
			name = Debug;
		};
		2913D2A927B2D8C900F6D044 /* Release */ = {
			isa = XCBuildConfiguration;
			buildSettings = {
				ALWAYS_SEARCH_USER_PATHS = NO;
				CLANG_ANALYZER_NONNULL = YES;
				CLANG_ANALYZER_NUMBER_OBJECT_CONVERSION = YES_AGGRESSIVE;
				CLANG_CXX_LANGUAGE_STANDARD = "gnu++17";
				CLANG_CXX_LIBRARY = "libc++";
				CLANG_ENABLE_MODULES = YES;
				CLANG_ENABLE_OBJC_ARC = YES;
				CLANG_ENABLE_OBJC_WEAK = YES;
				CLANG_WARN_BLOCK_CAPTURE_AUTORELEASING = YES;
				CLANG_WARN_BOOL_CONVERSION = YES;
				CLANG_WARN_COMMA = YES;
				CLANG_WARN_CONSTANT_CONVERSION = YES;
				CLANG_WARN_DEPRECATED_OBJC_IMPLEMENTATIONS = YES;
				CLANG_WARN_DIRECT_OBJC_ISA_USAGE = YES_ERROR;
				CLANG_WARN_DOCUMENTATION_COMMENTS = YES;
				CLANG_WARN_EMPTY_BODY = YES;
				CLANG_WARN_ENUM_CONVERSION = YES;
				CLANG_WARN_INFINITE_RECURSION = YES;
				CLANG_WARN_INT_CONVERSION = YES;
				CLANG_WARN_NON_LITERAL_NULL_CONVERSION = YES;
				CLANG_WARN_OBJC_IMPLICIT_RETAIN_SELF = YES;
				CLANG_WARN_OBJC_LITERAL_CONVERSION = YES;
				CLANG_WARN_OBJC_ROOT_CLASS = YES_ERROR;
				CLANG_WARN_QUOTED_INCLUDE_IN_FRAMEWORK_HEADER = YES;
				CLANG_WARN_RANGE_LOOP_ANALYSIS = YES;
				CLANG_WARN_STRICT_PROTOTYPES = YES;
				CLANG_WARN_SUSPICIOUS_MOVE = YES;
				CLANG_WARN_UNGUARDED_AVAILABILITY = YES_AGGRESSIVE;
				CLANG_WARN_UNREACHABLE_CODE = YES;
				CLANG_WARN__DUPLICATE_METHOD_MATCH = YES;
				COPY_PHASE_STRIP = NO;
				DEBUG_INFORMATION_FORMAT = "dwarf-with-dsym";
				ENABLE_NS_ASSERTIONS = NO;
				ENABLE_STRICT_OBJC_MSGSEND = YES;
				GCC_C_LANGUAGE_STANDARD = gnu11;
				GCC_NO_COMMON_BLOCKS = YES;
				GCC_WARN_64_TO_32_BIT_CONVERSION = YES;
				GCC_WARN_ABOUT_RETURN_TYPE = YES_ERROR;
				GCC_WARN_UNDECLARED_SELECTOR = YES;
				GCC_WARN_UNINITIALIZED_AUTOS = YES_AGGRESSIVE;
				GCC_WARN_UNUSED_FUNCTION = YES;
				GCC_WARN_UNUSED_VARIABLE = YES;
				MACOSX_DEPLOYMENT_TARGET = 12.0;
				MTL_ENABLE_DEBUG_INFO = NO;
				MTL_FAST_MATH = YES;
				SDKROOT = macosx;
				SWIFT_COMPILATION_MODE = wholemodule;
				SWIFT_OPTIMIZATION_LEVEL = "-O";
			};
			name = Release;
		};
		2913D2AB27B2D8C900F6D044 /* Debug */ = {
			isa = XCBuildConfiguration;
			buildSettings = {
				ASSETCATALOG_COMPILER_APPICON_NAME = AppIcon;
				ASSETCATALOG_COMPILER_GLOBAL_ACCENT_COLOR_NAME = AccentColor;
				CODE_SIGN_ENTITLEMENTS = GoogleBooks/GoogleBooks.entitlements;
				CODE_SIGN_STYLE = Automatic;
				COMBINE_HIDPI_IMAGES = YES;
				CURRENT_PROJECT_VERSION = 1;
				DEVELOPMENT_ASSET_PATHS = "\"GoogleBooks/Preview Content\"";
				ENABLE_PREVIEWS = YES;
				GENERATE_INFOPLIST_FILE = YES;
				INFOPLIST_FILE = GoogleBooks/Info.plist;
				INFOPLIST_KEY_NSHumanReadableCopyright = "";
				LD_RUNPATH_SEARCH_PATHS = (
					"$(inherited)",
					"@executable_path/../Frameworks",
				);
				MARKETING_VERSION = 1.0;
				PRODUCT_BUNDLE_IDENTIFIER = com.eoin.test.GoogleBooks;
				PRODUCT_NAME = "$(TARGET_NAME)";
				SWIFT_EMIT_LOC_STRINGS = YES;
				SWIFT_VERSION = 5.0;
			};
			name = Debug;
		};
		2913D2AC27B2D8C900F6D044 /* Release */ = {
			isa = XCBuildConfiguration;
			buildSettings = {
				ASSETCATALOG_COMPILER_APPICON_NAME = AppIcon;
				ASSETCATALOG_COMPILER_GLOBAL_ACCENT_COLOR_NAME = AccentColor;
				CODE_SIGN_ENTITLEMENTS = GoogleBooks/GoogleBooks.entitlements;
				CODE_SIGN_STYLE = Automatic;
				COMBINE_HIDPI_IMAGES = YES;
				CURRENT_PROJECT_VERSION = 1;
				DEVELOPMENT_ASSET_PATHS = "\"GoogleBooks/Preview Content\"";
				ENABLE_PREVIEWS = YES;
				GENERATE_INFOPLIST_FILE = YES;
				INFOPLIST_FILE = GoogleBooks/Info.plist;
				INFOPLIST_KEY_NSHumanReadableCopyright = "";
				LD_RUNPATH_SEARCH_PATHS = (
					"$(inherited)",
					"@executable_path/../Frameworks",
				);
				MARKETING_VERSION = 1.0;
				PRODUCT_BUNDLE_IDENTIFIER = com.eoin.test.GoogleBooks;
				PRODUCT_NAME = "$(TARGET_NAME)";
				SWIFT_EMIT_LOC_STRINGS = YES;
				SWIFT_VERSION = 5.0;
			};
			name = Release;
		};
		2913D2AE27B2D8C900F6D044 /* Debug */ = {
			isa = XCBuildConfiguration;
			buildSettings = {
				ALWAYS_EMBED_SWIFT_STANDARD_LIBRARIES = YES;
				BUNDLE_LOADER = "$(TEST_HOST)";
				CODE_SIGN_STYLE = Automatic;
				CURRENT_PROJECT_VERSION = 1;
				GENERATE_INFOPLIST_FILE = YES;
				MACOSX_DEPLOYMENT_TARGET = 12.0;
				MARKETING_VERSION = 1.0;
				PRODUCT_BUNDLE_IDENTIFIER = com.eoin.test.GoogleBooksTests;
				PRODUCT_NAME = "$(TARGET_NAME)";
				SWIFT_EMIT_LOC_STRINGS = NO;
				SWIFT_VERSION = 5.0;
				TEST_HOST = "$(BUILT_PRODUCTS_DIR)/GoogleBooks.app/Contents/MacOS/GoogleBooks";
			};
			name = Debug;
		};
		2913D2AF27B2D8C900F6D044 /* Release */ = {
			isa = XCBuildConfiguration;
			buildSettings = {
				ALWAYS_EMBED_SWIFT_STANDARD_LIBRARIES = YES;
				BUNDLE_LOADER = "$(TEST_HOST)";
				CODE_SIGN_STYLE = Automatic;
				CURRENT_PROJECT_VERSION = 1;
				GENERATE_INFOPLIST_FILE = YES;
				MACOSX_DEPLOYMENT_TARGET = 12.0;
				MARKETING_VERSION = 1.0;
				PRODUCT_BUNDLE_IDENTIFIER = com.eoin.test.GoogleBooksTests;
				PRODUCT_NAME = "$(TARGET_NAME)";
				SWIFT_EMIT_LOC_STRINGS = NO;
				SWIFT_VERSION = 5.0;
				TEST_HOST = "$(BUILT_PRODUCTS_DIR)/GoogleBooks.app/Contents/MacOS/GoogleBooks";
			};
			name = Release;
		};
		2913D2B127B2D8C900F6D044 /* Debug */ = {
			isa = XCBuildConfiguration;
			buildSettings = {
				ALWAYS_EMBED_SWIFT_STANDARD_LIBRARIES = YES;
				CODE_SIGN_STYLE = Automatic;
				CURRENT_PROJECT_VERSION = 1;
				GENERATE_INFOPLIST_FILE = YES;
				MARKETING_VERSION = 1.0;
				PRODUCT_BUNDLE_IDENTIFIER = com.eoin.test.GoogleBooksUITests;
				PRODUCT_NAME = "$(TARGET_NAME)";
				SWIFT_EMIT_LOC_STRINGS = NO;
				SWIFT_VERSION = 5.0;
				TEST_TARGET_NAME = GoogleBooks;
			};
			name = Debug;
		};
		2913D2B227B2D8C900F6D044 /* Release */ = {
			isa = XCBuildConfiguration;
			buildSettings = {
				ALWAYS_EMBED_SWIFT_STANDARD_LIBRARIES = YES;
				CODE_SIGN_STYLE = Automatic;
				CURRENT_PROJECT_VERSION = 1;
				GENERATE_INFOPLIST_FILE = YES;
				MARKETING_VERSION = 1.0;
				PRODUCT_BUNDLE_IDENTIFIER = com.eoin.test.GoogleBooksUITests;
				PRODUCT_NAME = "$(TARGET_NAME)";
				SWIFT_EMIT_LOC_STRINGS = NO;
				SWIFT_VERSION = 5.0;
				TEST_TARGET_NAME = GoogleBooks;
			};
			name = Release;
		};
		29BD8D6527B32D7900234EE3 /* Debug */ = {
			isa = XCBuildConfiguration;
			buildSettings = {
				ASSETCATALOG_COMPILER_APPICON_NAME = AppIcon;
				ASSETCATALOG_COMPILER_GLOBAL_ACCENT_COLOR_NAME = AccentColor;
				CODE_SIGN_STYLE = Automatic;
				CURRENT_PROJECT_VERSION = 1;
				DEVELOPMENT_ASSET_PATHS = "\"GoogleBooksIOS/Preview Content\"";
				DEVELOPMENT_TEAM = YSM7928879;
				ENABLE_PREVIEWS = YES;
				GENERATE_INFOPLIST_FILE = YES;
				INFOPLIST_FILE = GoogleBooksIOS/Info.plist;
				INFOPLIST_KEY_UIApplicationSceneManifest_Generation = YES;
				INFOPLIST_KEY_UIApplicationSupportsIndirectInputEvents = YES;
				INFOPLIST_KEY_UILaunchScreen_Generation = YES;
				INFOPLIST_KEY_UISupportedInterfaceOrientations_iPad = "UIInterfaceOrientationPortrait UIInterfaceOrientationPortraitUpsideDown UIInterfaceOrientationLandscapeLeft UIInterfaceOrientationLandscapeRight";
				INFOPLIST_KEY_UISupportedInterfaceOrientations_iPhone = "UIInterfaceOrientationPortrait UIInterfaceOrientationLandscapeLeft UIInterfaceOrientationLandscapeRight";
				IPHONEOS_DEPLOYMENT_TARGET = 15.2;
				LD_RUNPATH_SEARCH_PATHS = (
					"$(inherited)",
					"@executable_path/Frameworks",
				);
				MARKETING_VERSION = 1.0;
				PRODUCT_BUNDLE_IDENTIFIER = com.eoin.test.GoogleBooksIOS;
				PRODUCT_NAME = "$(TARGET_NAME)";
				SDKROOT = iphoneos;
				SWIFT_EMIT_LOC_STRINGS = YES;
				SWIFT_VERSION = 5.0;
				TARGETED_DEVICE_FAMILY = "1,2";
			};
			name = Debug;
		};
		29BD8D6627B32D7900234EE3 /* Release */ = {
			isa = XCBuildConfiguration;
			buildSettings = {
				ASSETCATALOG_COMPILER_APPICON_NAME = AppIcon;
				ASSETCATALOG_COMPILER_GLOBAL_ACCENT_COLOR_NAME = AccentColor;
				CODE_SIGN_STYLE = Automatic;
				CURRENT_PROJECT_VERSION = 1;
				DEVELOPMENT_ASSET_PATHS = "\"GoogleBooksIOS/Preview Content\"";
				DEVELOPMENT_TEAM = YSM7928879;
				ENABLE_PREVIEWS = YES;
				GENERATE_INFOPLIST_FILE = YES;
				INFOPLIST_FILE = GoogleBooksIOS/Info.plist;
				INFOPLIST_KEY_UIApplicationSceneManifest_Generation = YES;
				INFOPLIST_KEY_UIApplicationSupportsIndirectInputEvents = YES;
				INFOPLIST_KEY_UILaunchScreen_Generation = YES;
				INFOPLIST_KEY_UISupportedInterfaceOrientations_iPad = "UIInterfaceOrientationPortrait UIInterfaceOrientationPortraitUpsideDown UIInterfaceOrientationLandscapeLeft UIInterfaceOrientationLandscapeRight";
				INFOPLIST_KEY_UISupportedInterfaceOrientations_iPhone = "UIInterfaceOrientationPortrait UIInterfaceOrientationLandscapeLeft UIInterfaceOrientationLandscapeRight";
				IPHONEOS_DEPLOYMENT_TARGET = 15.2;
				LD_RUNPATH_SEARCH_PATHS = (
					"$(inherited)",
					"@executable_path/Frameworks",
				);
				MARKETING_VERSION = 1.0;
				PRODUCT_BUNDLE_IDENTIFIER = com.eoin.test.GoogleBooksIOS;
				PRODUCT_NAME = "$(TARGET_NAME)";
				SDKROOT = iphoneos;
				SWIFT_EMIT_LOC_STRINGS = YES;
				SWIFT_VERSION = 5.0;
				TARGETED_DEVICE_FAMILY = "1,2";
				VALIDATE_PRODUCT = YES;
			};
			name = Release;
		};
		29BD8D6827B32D7900234EE3 /* Debug */ = {
			isa = XCBuildConfiguration;
			buildSettings = {
				ALWAYS_EMBED_SWIFT_STANDARD_LIBRARIES = YES;
				BUNDLE_LOADER = "$(TEST_HOST)";
				CODE_SIGN_STYLE = Automatic;
				CURRENT_PROJECT_VERSION = 1;
				DEVELOPMENT_TEAM = YSM7928879;
				GENERATE_INFOPLIST_FILE = YES;
				IPHONEOS_DEPLOYMENT_TARGET = 15.2;
				MARKETING_VERSION = 1.0;
				PRODUCT_BUNDLE_IDENTIFIER = com.eoin.test.GoogleBooksIOSTests;
				PRODUCT_NAME = "$(TARGET_NAME)";
				SDKROOT = iphoneos;
				SWIFT_EMIT_LOC_STRINGS = NO;
				SWIFT_VERSION = 5.0;
				TARGETED_DEVICE_FAMILY = "1,2";
				TEST_HOST = "$(BUILT_PRODUCTS_DIR)/GoogleBooksIOS.app/GoogleBooksIOS";
			};
			name = Debug;
		};
		29BD8D6927B32D7900234EE3 /* Release */ = {
			isa = XCBuildConfiguration;
			buildSettings = {
				ALWAYS_EMBED_SWIFT_STANDARD_LIBRARIES = YES;
				BUNDLE_LOADER = "$(TEST_HOST)";
				CODE_SIGN_STYLE = Automatic;
				CURRENT_PROJECT_VERSION = 1;
				DEVELOPMENT_TEAM = YSM7928879;
				GENERATE_INFOPLIST_FILE = YES;
				IPHONEOS_DEPLOYMENT_TARGET = 15.2;
				MARKETING_VERSION = 1.0;
				PRODUCT_BUNDLE_IDENTIFIER = com.eoin.test.GoogleBooksIOSTests;
				PRODUCT_NAME = "$(TARGET_NAME)";
				SDKROOT = iphoneos;
				SWIFT_EMIT_LOC_STRINGS = NO;
				SWIFT_VERSION = 5.0;
				TARGETED_DEVICE_FAMILY = "1,2";
				TEST_HOST = "$(BUILT_PRODUCTS_DIR)/GoogleBooksIOS.app/GoogleBooksIOS";
				VALIDATE_PRODUCT = YES;
			};
			name = Release;
		};
		29BD8D6B27B32D7900234EE3 /* Debug */ = {
			isa = XCBuildConfiguration;
			buildSettings = {
				ALWAYS_EMBED_SWIFT_STANDARD_LIBRARIES = YES;
				CODE_SIGN_STYLE = Automatic;
				CURRENT_PROJECT_VERSION = 1;
				DEVELOPMENT_TEAM = YSM7928879;
				GENERATE_INFOPLIST_FILE = YES;
				IPHONEOS_DEPLOYMENT_TARGET = 15.2;
				MARKETING_VERSION = 1.0;
				PRODUCT_BUNDLE_IDENTIFIER = com.eoin.test.GoogleBooksIOSUITests;
				PRODUCT_NAME = "$(TARGET_NAME)";
				SDKROOT = iphoneos;
				SWIFT_EMIT_LOC_STRINGS = NO;
				SWIFT_VERSION = 5.0;
				TARGETED_DEVICE_FAMILY = "1,2";
				TEST_TARGET_NAME = GoogleBooksIOS;
			};
			name = Debug;
		};
		29BD8D6C27B32D7900234EE3 /* Release */ = {
			isa = XCBuildConfiguration;
			buildSettings = {
				ALWAYS_EMBED_SWIFT_STANDARD_LIBRARIES = YES;
				CODE_SIGN_STYLE = Automatic;
				CURRENT_PROJECT_VERSION = 1;
				DEVELOPMENT_TEAM = YSM7928879;
				GENERATE_INFOPLIST_FILE = YES;
				IPHONEOS_DEPLOYMENT_TARGET = 15.2;
				MARKETING_VERSION = 1.0;
				PRODUCT_BUNDLE_IDENTIFIER = com.eoin.test.GoogleBooksIOSUITests;
				PRODUCT_NAME = "$(TARGET_NAME)";
				SDKROOT = iphoneos;
				SWIFT_EMIT_LOC_STRINGS = NO;
				SWIFT_VERSION = 5.0;
				TARGETED_DEVICE_FAMILY = "1,2";
				TEST_TARGET_NAME = GoogleBooksIOS;
				VALIDATE_PRODUCT = YES;
			};
			name = Release;
		};
/* End XCBuildConfiguration section */

/* Begin XCConfigurationList section */
		2913D28027B2D8C600F6D044 /* Build configuration list for PBXProject "GoogleBooks" */ = {
			isa = XCConfigurationList;
			buildConfigurations = (
				2913D2A827B2D8C900F6D044 /* Debug */,
				2913D2A927B2D8C900F6D044 /* Release */,
			);
			defaultConfigurationIsVisible = 0;
			defaultConfigurationName = Release;
		};
		2913D2AA27B2D8C900F6D044 /* Build configuration list for PBXNativeTarget "GoogleBooks" */ = {
			isa = XCConfigurationList;
			buildConfigurations = (
				2913D2AB27B2D8C900F6D044 /* Debug */,
				2913D2AC27B2D8C900F6D044 /* Release */,
			);
			defaultConfigurationIsVisible = 0;
			defaultConfigurationName = Release;
		};
		2913D2AD27B2D8C900F6D044 /* Build configuration list for PBXNativeTarget "GoogleBooksTests" */ = {
			isa = XCConfigurationList;
			buildConfigurations = (
				2913D2AE27B2D8C900F6D044 /* Debug */,
				2913D2AF27B2D8C900F6D044 /* Release */,
			);
			defaultConfigurationIsVisible = 0;
			defaultConfigurationName = Release;
		};
		2913D2B027B2D8C900F6D044 /* Build configuration list for PBXNativeTarget "GoogleBooksUITests" */ = {
			isa = XCConfigurationList;
			buildConfigurations = (
				2913D2B127B2D8C900F6D044 /* Debug */,
				2913D2B227B2D8C900F6D044 /* Release */,
			);
			defaultConfigurationIsVisible = 0;
			defaultConfigurationName = Release;
		};
		29BD8D6427B32D7900234EE3 /* Build configuration list for PBXNativeTarget "GoogleBooksIOS" */ = {
			isa = XCConfigurationList;
			buildConfigurations = (
				29BD8D6527B32D7900234EE3 /* Debug */,
				29BD8D6627B32D7900234EE3 /* Release */,
			);
			defaultConfigurationIsVisible = 0;
			defaultConfigurationName = Release;
		};
		29BD8D6727B32D7900234EE3 /* Build configuration list for PBXNativeTarget "GoogleBooksIOSTests" */ = {
			isa = XCConfigurationList;
			buildConfigurations = (
				29BD8D6827B32D7900234EE3 /* Debug */,
				29BD8D6927B32D7900234EE3 /* Release */,
			);
			defaultConfigurationIsVisible = 0;
			defaultConfigurationName = Release;
		};
		29BD8D6A27B32D7900234EE3 /* Build configuration list for PBXNativeTarget "GoogleBooksIOSUITests" */ = {
			isa = XCConfigurationList;
			buildConfigurations = (
				29BD8D6B27B32D7900234EE3 /* Debug */,
				29BD8D6C27B32D7900234EE3 /* Release */,
			);
			defaultConfigurationIsVisible = 0;
			defaultConfigurationName = Release;
		};
/* End XCConfigurationList section */

/* Begin XCRemoteSwiftPackageReference section */
		29BD8D3827B2F9A100234EE3 /* XCRemoteSwiftPackageReference "SDWebImageSwiftUI" */ = {
			isa = XCRemoteSwiftPackageReference;
			repositoryURL = "https://github.com/SDWebImage/SDWebImageSwiftUI";
			requirement = {
				kind = upToNextMajorVersion;
				minimumVersion = 2.0.0;
			};
		};
/* End XCRemoteSwiftPackageReference section */

/* Begin XCSwiftPackageProductDependency section */
		29BD8D3927B2F9A100234EE3 /* SDWebImageSwiftUI */ = {
			isa = XCSwiftPackageProductDependency;
			package = 29BD8D3827B2F9A100234EE3 /* XCRemoteSwiftPackageReference "SDWebImageSwiftUI" */;
			productName = SDWebImageSwiftUI;
		};
		29BD8D7327B3306F00234EE3 /* SDWebImageSwiftUI */ = {
			isa = XCSwiftPackageProductDependency;
			package = 29BD8D3827B2F9A100234EE3 /* XCRemoteSwiftPackageReference "SDWebImageSwiftUI" */;
			productName = SDWebImageSwiftUI;
		};
/* End XCSwiftPackageProductDependency section */
	};
	rootObject = 2913D27D27B2D8C600F6D044 /* Project object */;
}
